lockfileVersion: '6.0'

settings:
  autoInstallPeers: false
  excludeLinksFromLockfile: true

importers:

  .:
    dependencies:
      '@teambit/base-ui.layout.page-frame':
        specifier: ^1.0.2
        version: 1.0.2(react-dom@17.0.2)(react@17.0.2)
      '@teambit/preview.ui.component-preview':
        specifier: ^1.0.0
        version: 1.0.0(react-dom@17.0.2)(react@17.0.2)
      core-js:
        specifier: ^3.0.0
        version: 3.33.1
      react:
        specifier: ^16.8.0 || ^17.0.0
        version: 17.0.2
      react-dom:
        specifier: ^16.8.0 || ^17.0.0
        version: 17.0.2(react@17.0.2)
    devDependencies:
      '@babel/runtime':
        specifier: 7.20.0
        version: 7.20.0
      '@types/jest':
        specifier: ^26.0.0
        version: 26.0.24
      '@types/node':
        specifier: 12.20.4
        version: 12.20.4
      '@types/react':
        specifier: ^17.0.8
        version: 17.0.69
      '@types/react-dom':
        specifier: ^17.0.5
        version: 17.0.22
      '@types/testing-library__jest-dom':
        specifier: 5.9.5
        version: 5.9.5

  extensions/component-images:
    dependencies:
      '@babel/runtime':
        specifier: 7.20.0
        version: 7.20.0
      '@teambit/harmony':
        specifier: 0.4.6
        version: 0.4.6
      '@teambit/preview.ui.component-preview':
        specifier: ^1.0.0
        version: 1.0.0(react-dom@17.0.2)(react@17.0.2)
      core-js:
        specifier: ^3.0.0
        version: 3.33.1
      react:
        specifier: ^16.8.0 || ^17.0.0
        version: 17.0.2
      react-dom:
        specifier: ^16.8.0 || ^17.0.0
        version: 17.0.2(react@17.0.2)
    devDependencies:
      '@types/jest':
        specifier: ^26.0.0
        version: 26.0.24
      '@types/node':
        specifier: 12.20.4
        version: 12.20.4
      '@types/react':
        specifier: ^17.0.8
        version: 17.0.69
      '@types/react-dom':
        specifier: ^17.0.5
        version: 17.0.22
      '@types/testing-library__jest-dom':
        specifier: 5.9.5
        version: 5.9.5

  node_modules/.bit_roots/teambit.harmony_aspect:
    dependencies:
      '@teambit/teaching.component-images-app':
        specifier: workspace:*
        version: file:ui/component-images-app(react-dom@17.0.2)(react@17.0.2)
      '@teambit/teaching.example-component':
        specifier: workspace:*
        version: file:ui/example-component(react-dom@17.0.2)(react@17.0.2)
      '@teambit/teaching.extensions.component-images':
        specifier: workspace:*
        version: file:extensions/component-images(react-dom@17.0.2)(react@17.0.2)
      react:
        specifier: ^16.8.0 || ^17.0.0
        version: 17.0.2
      react-dom:
        specifier: ^16.8.0 || ^17.0.0
        version: 17.0.2(react@17.0.2)
    dependenciesMeta:
      '@teambit/teaching.component-images-app':
        injected: true
      '@teambit/teaching.example-component':
        injected: true
      '@teambit/teaching.extensions.component-images':
        injected: true

  node_modules/.bit_roots/teambit.react_react:
    dependencies:
      '@teambit/teaching.component-images-app':
        specifier: workspace:*
        version: file:ui/component-images-app(react-dom@17.0.2)(react@17.0.2)
      '@teambit/teaching.example-component':
        specifier: workspace:*
        version: file:ui/example-component(react-dom@17.0.2)(react@17.0.2)
      '@teambit/teaching.extensions.component-images':
        specifier: workspace:*
        version: file:extensions/component-images(react-dom@17.0.2)(react@17.0.2)
      react:
        specifier: ^16.8.0 || ^17.0.0
        version: 17.0.2
      react-dom:
        specifier: ^16.8.0 || ^17.0.0
        version: 17.0.2(react@17.0.2)
    dependenciesMeta:
      '@teambit/teaching.component-images-app':
        injected: true
      '@teambit/teaching.example-component':
        injected: true
      '@teambit/teaching.extensions.component-images':
        injected: true

  ui/component-images-app:
    dependencies:
      '@teambit/base-ui.layout.page-frame':
        specifier: ^1.0.2
        version: 1.0.2(react-dom@17.0.2)(react@17.0.2)
      core-js:
        specifier: ^3.0.0
        version: 3.33.1
      react:
        specifier: ^16.8.0 || ^17.0.0
        version: 17.0.2
      react-dom:
        specifier: ^16.8.0 || ^17.0.0
        version: 17.0.2(react@17.0.2)
    devDependencies:
      '@babel/runtime':
        specifier: 7.20.0
        version: 7.20.0
      '@types/jest':
        specifier: ^26.0.0
        version: 26.0.24
      '@types/node':
        specifier: 12.20.4
        version: 12.20.4
      '@types/react':
        specifier: ^17.0.8
        version: 17.0.69
      '@types/react-dom':
        specifier: ^17.0.5
        version: 17.0.22
      '@types/testing-library__jest-dom':
        specifier: 5.9.5
        version: 5.9.5

  ui/example-component:
    dependencies:
      core-js:
        specifier: ^3.0.0
        version: 3.33.1
      react:
        specifier: ^16.8.0 || ^17.0.0
        version: 17.0.2
      react-dom:
        specifier: ^16.8.0 || ^17.0.0
        version: 17.0.2(react@17.0.2)
    devDependencies:
      '@babel/runtime':
        specifier: 7.20.0
        version: 7.20.0
      '@types/jest':
        specifier: ^26.0.0
        version: 26.0.24
      '@types/node':
        specifier: 12.20.4
        version: 12.20.4
      '@types/react':
        specifier: ^17.0.8
        version: 17.0.69
      '@types/react-dom':
        specifier: ^17.0.5
        version: 17.0.22
      '@types/testing-library__jest-dom':
        specifier: 5.9.5
        version: 5.9.5

packages:

  /@babel/runtime@7.20.0:
    resolution: {integrity: sha512-NDYdls71fTXoU8TZHfbBWg7DiZfNzClcKui/+kyi6ppD2L1qnWW3VV6CjtaBXSUGGhiTWJ6ereOIkUvenif66Q==}
    engines: {node: '>=6.9.0'}
    dependencies:
      regenerator-runtime: 0.13.11

  /@jest/types@26.6.2:
    resolution: {integrity: sha512-fC6QCp7Sc5sX6g8Tvbmj4XUTbyrik0akgRy03yjXbQaBWWNWGE7SGtJk98m0N8nzegD/7SggrUlivxo5ax4KWQ==}
    engines: {node: '>= 10.14.2'}
    dependencies:
      '@types/istanbul-lib-coverage': 2.0.5
      '@types/istanbul-reports': 3.0.3
      '@types/node': 12.20.4
      '@types/yargs': 15.0.17
      chalk: 4.1.2
    dev: true

  /@teambit/base-ui.layout.page-frame@1.0.2(react-dom@17.0.2)(react@17.0.2):
    resolution: {integrity: sha1-RRuzSP5iAICgm17gD1Ez2nD/UQM=}
    peerDependencies:
      react: '*'
      react-dom: '*'
    peerDependenciesMeta:
      react:
        optional: true
      react-dom:
        optional: true
    dependencies:
      classnames: 2.3.2
      core-js: 3.33.1
      react: 17.0.2
      react-dom: 17.0.2(react@17.0.2)
    dev: false

  /@teambit/harmony@0.4.6:
    resolution: {integrity: sha512-9cWKyOVauMc56GQnosRqez22qz+4YrydJs1X1qXQJSToUA3Op874NFgjawRXp8g+V9MF2XT4NZIM3jzNXyQhIQ==}
    engines: {node: '>=12.22.0'}
    dependencies:
      cleargraph: 5.8.0
      comment-json: 3.0.3
      fs-extra: 8.1.0
      reflect-metadata: 0.1.13
      user-home: 2.0.0
    dev: false

  /@teambit/preview.ui.component-preview@1.0.0(react-dom@17.0.2)(react@17.0.2):
    resolution: {integrity: sha512-YHaNcT6Aj7sV6NqwlRhsGt0x/YWSXD3P9DVs4t732LLWIPpJVwZsO+8JXetdFQMHuw5ynJr5EuaxJq19QDERQg==}
    engines: {node: '>=12.22.0'}
    peerDependencies:
      react: '*'
      react-dom: '*'
    peerDependenciesMeta:
      react:
        optional: true
      react-dom:
        optional: true
    dependencies:
      '@teambit/base-ui.utils.string.affix': registry.npmjs.org/@teambit/base-ui.utils.string.affix@1.0.0(react-dom@17.0.2)(react@17.0.2)
      classnames: 2.2.6
      core-js: 3.33.1
      lodash: 4.17.21
      penpal: 6.2.2
      react: 17.0.2
      react-dom: 17.0.2(react@17.0.2)
    dev: false

  /@types/istanbul-lib-coverage@2.0.5:
    resolution: {integrity: sha512-zONci81DZYCZjiLe0r6equvZut0b+dBRPBN5kBDjsONnutYNtJMoWQ9uR2RkL1gLG9NMTzvf+29e5RFfPbeKhQ==}
    dev: true

  /@types/istanbul-lib-report@3.0.2:
    resolution: {integrity: sha512-8toY6FgdltSdONav1XtUHl4LN1yTmLza+EuDazb/fEmRNCwjyqNVIQWs2IfC74IqjHkREs/nQ2FWq5kZU9IC0w==}
    dependencies:
      '@types/istanbul-lib-coverage': 2.0.5
    dev: true

  /@types/istanbul-reports@3.0.3:
    resolution: {integrity: sha512-1nESsePMBlf0RPRffLZi5ujYh7IH1BWL4y9pr+Bn3cJBdxz+RTP8bUFljLz9HvzhhOSWKdyBZ4DIivdL6rvgZg==}
    dependencies:
      '@types/istanbul-lib-report': 3.0.2
    dev: true

  /@types/jest@26.0.24:
    resolution: {integrity: sha512-E/X5Vib8BWqZNRlDxj9vYXhsDwPYbPINqKF9BsnSoon4RQ0D9moEuLD8txgyypFLH7J4+Lho9Nr/c8H0Fi+17w==}
    dependencies:
      jest-diff: 26.6.2
      pretty-format: 26.6.2
    dev: true

  /@types/node@12.20.4:
    resolution: {integrity: sha512-xRCgeE0Q4pT5UZ189TJ3SpYuX/QGl6QIAOAIeDSbAVAd2gX1NxSZup4jNVK7cxIeP8KDSbJgcckun495isP1jQ==}
    dev: true

  /@types/prop-types@15.7.9:
    resolution: {integrity: sha512-n1yyPsugYNSmHgxDFjicaI2+gCNjsBck8UX9kuofAKlc0h1bL+20oSF72KeNaW2DUlesbEVCFgyV2dPGTiY42g==}
    dev: true

  /@types/react-dom@17.0.22:
    resolution: {integrity: sha512-wHt4gkdSMb4jPp1vc30MLJxoWGsZs88URfmt3FRXoOEYrrqK3I8IuZLE/uFBb4UT6MRfI0wXFu4DS7LS0kUC7Q==}
    dependencies:
      '@types/react': 17.0.69
    dev: true

  /@types/react@17.0.69:
    resolution: {integrity: sha512-klEeru//GhiQvXUBayz0Q4l3rKHWsBR/EUOhOeow6hK2jV7MlO44+8yEk6+OtPeOlRfnpUnrLXzGK+iGph5aeg==}
    dependencies:
      '@types/prop-types': 15.7.9
      '@types/scheduler': 0.16.5
      csstype: 3.1.2
    dev: true

  /@types/scheduler@0.16.5:
    resolution: {integrity: sha512-s/FPdYRmZR8SjLWGMCuax7r3qCWQw9QKHzXVukAuuIJkXkDRwp+Pu5LMIVFi0Fxbav35WURicYr8u1QsoybnQw==}
    dev: true

  /@types/testing-library__jest-dom@5.9.5:
    resolution: {integrity: sha512-ggn3ws+yRbOHog9GxnXiEZ/35Mow6YtPZpd7Z5mKDeZS/o7zx3yAle0ov/wjhVB5QT4N2Dt+GNoGCdqkBGCajQ==}
    dependencies:
      '@types/jest': 26.0.24
    dev: true

  /@types/yargs-parser@21.0.2:
    resolution: {integrity: sha512-5qcvofLPbfjmBfKaLfj/+f+Sbd6pN4zl7w7VSVI5uz7m9QZTuB2aZAa2uo1wHFBNN2x6g/SoTkXmd8mQnQF2Cw==}
    dev: true

  /@types/yargs@15.0.17:
    resolution: {integrity: sha512-cj53I8GUcWJIgWVTSVe2L7NJAB5XWGdsoMosVvUgv1jEnMbAcsbaCzt1coUcyi8Sda5PgTWAooG8jNyDTD+CWA==}
    dependencies:
      '@types/yargs-parser': 21.0.2
    dev: true

  /ansi-regex@5.0.1:
    resolution: {integrity: sha512-quJQXlTSUGL2LH9SUXo8VwsY4soanhgo6LNSm84E1LBcE8s3O0wpdiRzyR9z/ZZJMlMWv37qOOb9pdJlMUEKFQ==}
    engines: {node: '>=8'}
    dev: true

  /ansi-styles@4.3.0:
    resolution: {integrity: sha512-zbB9rCJAT1rbjiVDb2hqKFHNYLxgtk8NURxZ3IZwD3F6NtxbXZQCnnSi1Lkx+IDohdPlFp222wVALIheZJQSEg==}
    engines: {node: '>=8'}
    dependencies:
      color-convert: 2.0.1
    dev: true

  /chalk@4.1.2:
    resolution: {integrity: sha512-oKnbhFyRIXpUuez8iBMmyEa4nbj4IOQyuhc/wy9kY7/WVPcwIO9VA668Pu8RkO7+0G76SLROeyw9CpQ061i4mA==}
    engines: {node: '>=10'}
    dependencies:
      ansi-styles: 4.3.0
      supports-color: 7.2.0
    dev: true

  /classnames@2.2.6:
    resolution: {integrity: sha512-JR/iSQOSt+LQIWwrwEzJ9uk0xfN3mTVYMwt1Ir5mUcSN6pU+V4zQFFaJsclJbPuAUQH+yfWef6tm7l1quW3C8Q==}
    dev: false

  /classnames@2.3.2:
    resolution: {integrity: sha512-CSbhY4cFEJRe6/GQzIk5qXZ4Jeg5pcsP7b5peFSDpffpe1cqjASH/n9UTjBwOp6XpMSTwQ8Za2K5V02ueA7Tmw==}
    dev: false

  /cleargraph@5.8.0:
    resolution: {integrity: sha512-72ZcdfWOwa1w3IfvKQFBp9lbgeZVlx9VFzUEKuGebaWprKIRs+kLIz48cNPAE8A6ZhuIbDsdFbYPQBH85+viRw==}
    dependencies:
      graphlib: 2.1.8
      lodash: 4.17.21
    dev: false

  /color-convert@2.0.1:
    resolution: {integrity: sha512-RRECPsj7iu/xb5oKYcsFHSppFNnsj/52OVTRKb4zP5onXwVF3zVmmToNcOfGC+CRDpfK/U584fMg38ZHCaElKQ==}
    engines: {node: '>=7.0.0'}
    dependencies:
      color-name: 1.1.4
    dev: true

  /color-name@1.1.4:
    resolution: {integrity: sha512-dOy+3AuW3a2wNbZHIuMZpTcgjGuLU/uBL/ubcZF9OXbDo8ff4O8yVp5Bf0efS8uEoYo5q4Fx7dY9OgQGXgAsQA==}
    dev: true

  /comment-json@3.0.3:
    resolution: {integrity: sha512-P7XwYkC3qjIK45EAa9c5Y3lR7SMXhJqwFdWg3niAIAcbk3zlpKDdajV8Hyz/Y3sGNn3l+YNMl8A2N/OubSArHg==}
    engines: {node: '>= 6'}
    dependencies:
      core-util-is: 1.0.3
      esprima: 4.0.1
      has-own-prop: 2.0.0
      repeat-string: 1.6.1
    dev: false

  /core-js@3.33.1:
    resolution: {integrity: sha512-qVSq3s+d4+GsqN0teRCJtM6tdEEXyWxjzbhVrCHmBS5ZTM0FS2MOS0D13dUXAWDUN6a+lHI/N1hF9Ytz6iLl9Q==}
    requiresBuild: true
    dev: false

  /core-util-is@1.0.3:
    resolution: {integrity: sha512-ZQBvi1DcpJ4GDqanjucZ2Hj3wEO5pZDS89BWbkcrvdxksJorwUDDZamX9ldFkp9aw2lmBDLgkObEA4DWNJ9FYQ==}
    dev: false

  /csstype@3.1.2:
    resolution: {integrity: sha512-I7K1Uu0MBPzaFKg4nI5Q7Vs2t+3gWWW648spaF+Rg7pI9ds18Ugn+lvg4SHczUdKlHI5LWBXyqfS8+DufyBsgQ==}
    dev: true

  /diff-sequences@26.6.2:
    resolution: {integrity: sha512-Mv/TDa3nZ9sbc5soK+OoA74BsS3mL37yixCvUAQkiuA4Wz6YtwP/K47n2rv2ovzHZvoiQeA5FTQOschKkEwB0Q==}
    engines: {node: '>= 10.14.2'}
    dev: true

  /esprima@4.0.1:
    resolution: {integrity: sha512-eGuFFw7Upda+g4p+QHvnW0RyTX/SVeJBDM/gCtMARO0cLuT2HcEKnTPvhjV6aGeqrCB/sbNop0Kszm0jsaWU4A==}
    engines: {node: '>=4'}
    hasBin: true
    dev: false

  /fs-extra@8.1.0:
    resolution: {integrity: sha512-yhlQgA6mnOJUKOsRUFsgJdQCvkKhcz8tlZG5HBQfReYZy46OwLcY+Zia0mtdHsOo9y/hP+CxMN0TU9QxoOtG4g==}
    engines: {node: '>=6 <7 || >=8'}
    dependencies:
      graceful-fs: 4.2.11
      jsonfile: 4.0.0
      universalify: 0.1.2
    dev: false

  /graceful-fs@4.2.11:
    resolution: {integrity: sha512-RbJ5/jmFcNNCcDV5o9eTnBLJ/HszWV0P73bc+Ff4nS/rJj+YaS6IGyiOL0VoBYX+l1Wrl3k63h/KrH+nhJ0XvQ==}
    dev: false

  /graphlib@2.1.8:
    resolution: {integrity: sha512-jcLLfkpoVGmH7/InMC/1hIvOPSUh38oJtGhvrOFGzioE1DZ+0YW16RgmOJhHiuWTvGiJQ9Z1Ik43JvkRPRvE+A==}
    dependencies:
      lodash: 4.17.21
    dev: false

  /has-flag@4.0.0:
    resolution: {integrity: sha512-EykJT/Q1KjTWctppgIAgfSO0tKVuZUjhgMr17kqTumMl6Afv3EISleU7qZUzoXDFTAHTDC4NOoG/ZxU3EvlMPQ==}
    engines: {node: '>=8'}
    dev: true

  /has-own-prop@2.0.0:
    resolution: {integrity: sha512-Pq0h+hvsVm6dDEa8x82GnLSYHOzNDt7f0ddFa3FqcQlgzEiptPqL+XrOJNavjOzSYiYWIrgeVYYgGlLmnxwilQ==}
    engines: {node: '>=8'}
    dev: false

  /jest-diff@26.6.2:
    resolution: {integrity: sha512-6m+9Z3Gv9wN0WFVasqjCL/06+EFCMTqDEUl/b87HYK2rAPTyfz4ZIuSlPhY51PIQRWx5TaxeF1qmXKe9gfN3sA==}
    engines: {node: '>= 10.14.2'}
    dependencies:
      chalk: 4.1.2
      diff-sequences: 26.6.2
      jest-get-type: 26.3.0
      pretty-format: 26.6.2
    dev: true

  /jest-get-type@26.3.0:
    resolution: {integrity: sha512-TpfaviN1R2pQWkIihlfEanwOXK0zcxrKEE4MlU6Tn7keoXdN6/3gK/xl0yEh8DOunn5pOVGKf8hB4R9gVh04ig==}
    engines: {node: '>= 10.14.2'}
    dev: true

  /js-tokens@4.0.0:
    resolution: {integrity: sha512-RdJUflcE3cUzKiMqQgsCu06FPu9UdIJO0beYbPhHN4k6apgJtifcoCtT9bcxOpYBtpD2kCM6Sbzg4CausW/PKQ==}
    dev: false

  /jsonfile@4.0.0:
    resolution: {integrity: sha512-m6F1R3z8jjlf2imQHS2Qez5sjKWQzbuuhuJ/FKYFRZvPE3PuHcSMVZzfsLhGVOkfd20obL5SWEBew5ShlquNxg==}
    optionalDependencies:
      graceful-fs: 4.2.11
    dev: false

  /lodash@4.17.21:
    resolution: {integrity: sha512-v2kDEe57lecTulaDIuNTPy3Ry4gLGJ6Z1O3vE1krgXZNrsQ+LFTGHVxVjcXPs17LhbZVGedAJv8XZ1tvj5FvSg==}
    dev: false

  /loose-envify@1.4.0:
    resolution: {integrity: sha512-lyuxPGr/Wfhrlem2CL/UcnUc1zcqKAImBDzukY7Y5F/yQiNdko6+fRLevlw1HgMySw7f611UIY408EtxRSoK3Q==}
    hasBin: true
    dependencies:
      js-tokens: 4.0.0
    dev: false

  /object-assign@4.1.1:
    resolution: {integrity: sha512-rJgTQnkUnH1sFw8yT6VSU3zD3sWmu6sZhIseY8VX+GRu3P6F7Fu+JNDoXfklElbLJSnc3FUQHVe4cU5hj+BcUg==}
    engines: {node: '>=0.10.0'}
    dev: false

  /os-homedir@1.0.2:
    resolution: {integrity: sha512-B5JU3cabzk8c67mRRd3ECmROafjYMXbuzlwtqdM8IbS8ktlTix8aFGb2bAGKrSRIlnfKwovGUUr72JUPyOb6kQ==}
    engines: {node: '>=0.10.0'}
    dev: false

  /penpal@6.2.2:
    resolution: {integrity: sha512-RQD7hTx14/LY7QoS3tQYO3/fzVtwvZI+JeS5udgsu7FPaEDjlvfK9HBcme9/ipzSPKnrxSgacI9PI7154W62YQ==}
    dev: false

  /pretty-format@26.6.2:
    resolution: {integrity: sha512-7AeGuCYNGmycyQbCqd/3PWH4eOoX/OiCa0uphp57NVTeAGdJGaAliecxwBDHYQCIvrW7aDBZCYeNTP/WX69mkg==}
    engines: {node: '>= 10'}
    dependencies:
      '@jest/types': 26.6.2
      ansi-regex: 5.0.1
      ansi-styles: 4.3.0
      react-is: 17.0.2
    dev: true

  /react-dom@17.0.2(react@17.0.2):
    resolution: {integrity: sha512-s4h96KtLDUQlsENhMn1ar8t2bEa+q/YAtj8pPPdIjPDGBDIVNsrD9aXNWqspUe6AzKCIG0C1HZZLqLV7qpOBGA==}
    peerDependencies:
      react: '*'
    peerDependenciesMeta:
      react:
        optional: true
    dependencies:
      loose-envify: 1.4.0
      object-assign: 4.1.1
      react: 17.0.2
      scheduler: 0.20.2
    dev: false

  /react-is@17.0.2:
    resolution: {integrity: sha512-w2GsyukL62IJnlaff/nRegPQR94C/XXamvMWmSHRJ4y7Ts/4ocGRmTHvOs8PSE6pB3dWOrD/nueuU5sduBsQ4w==}
    dev: true

  /react@17.0.2:
    resolution: {integrity: sha512-gnhPt75i/dq/z3/6q/0asP78D0u592D5L1pd7M8P+dck6Fu/jJeL6iVVK23fptSUZj8Vjf++7wXA8UNclGQcbA==}
    engines: {node: '>=0.10.0'}
    dependencies:
      loose-envify: 1.4.0
      object-assign: 4.1.1
    dev: false

  /reflect-metadata@0.1.13:
    resolution: {integrity: sha512-Ts1Y/anZELhSsjMcU605fU9RE4Oi3p5ORujwbIKXfWa+0Zxs510Qrmrce5/Jowq3cHSZSJqBjypxmHarc+vEWg==}
    dev: false

  /regenerator-runtime@0.13.11:
    resolution: {integrity: sha512-kY1AZVr2Ra+t+piVaJ4gxaFaReZVH40AKNo7UCX6W+dEwBo/2oZJzqfuN1qLq1oL45o56cPaTXELwrTh8Fpggg==}

  /repeat-string@1.6.1:
    resolution: {integrity: sha512-PV0dzCYDNfRi1jCDbJzpW7jNNDRuCOG/jI5ctQcGKt/clZD+YcPS3yIlWuTJMmESC8aevCFmWJy5wjAFgNqN6w==}
    engines: {node: '>=0.10'}
    dev: false

  /scheduler@0.20.2:
    resolution: {integrity: sha512-2eWfGgAqqWFGqtdMmcL5zCMK1U8KlXv8SQFGglL3CEtd0aDVDWgeF/YoCmvln55m5zSk3J/20hTaSBeSObsQDQ==}
    dependencies:
      loose-envify: 1.4.0
      object-assign: 4.1.1
    dev: false

  /supports-color@7.2.0:
    resolution: {integrity: sha512-qpCAvRl9stuOHveKsn7HncJRvv501qIacKzQlO/+Lwxc9+0q2wLyv4Dfvt80/DPn2pqOBsJdDiogXGR9+OvwRw==}
    engines: {node: '>=8'}
    dependencies:
      has-flag: 4.0.0
    dev: true

  /universalify@0.1.2:
    resolution: {integrity: sha512-rBJeI5CXAlmy1pV+617WB9J63U6XcazHHF2f2dbJix4XzpUF0RS3Zbj0FGIOCAva5P/d/GBOYaACQ1w+0azUkg==}
    engines: {node: '>= 4.0.0'}
    dev: false

  /user-home@2.0.0:
    resolution: {integrity: sha512-KMWqdlOcjCYdtIJpicDSFBQ8nFwS2i9sslAd6f4+CBGcU4gist2REnr2fxj2YocvJFxSF3ZOHLYLVZnUxv4BZQ==}
    engines: {node: '>=0.10.0'}
    dependencies:
      os-homedir: 1.0.2
    dev: false

  file:extensions/component-images(react-dom@17.0.2)(react@17.0.2):
    resolution: {directory: extensions/component-images, type: directory}
    id: file:extensions/component-images
    name: '@teambit/teaching.extensions.component-images'
    peerDependencies:
      react: '*'
      react-dom: '*'
    peerDependenciesMeta:
      react:
        optional: true
      react-dom:
        optional: true
    dependencies:
      '@babel/runtime': 7.20.0
      '@teambit/harmony': 0.4.6
      '@teambit/preview.ui.component-preview': 1.0.0(react-dom@17.0.2)(react@17.0.2)
      core-js: 3.33.1
      react: 17.0.2
      react-dom: 17.0.2(react@17.0.2)
    dev: false

  file:ui/component-images-app(react-dom@17.0.2)(react@17.0.2):
    resolution: {directory: ui/component-images-app, type: directory}
    id: file:ui/component-images-app
    name: '@teambit/teaching.component-images-app'
    peerDependencies:
      react: '*'
      react-dom: '*'
    peerDependenciesMeta:
      react:
        optional: true
      react-dom:
        optional: true
    dependencies:
      '@teambit/base-ui.layout.page-frame': 1.0.2(react-dom@17.0.2)(react@17.0.2)
      core-js: 3.33.1
      react: 17.0.2
      react-dom: 17.0.2(react@17.0.2)
    dev: false

  file:ui/example-component(react-dom@17.0.2)(react@17.0.2):
    resolution: {directory: ui/example-component, type: directory}
    id: file:ui/example-component
    name: '@teambit/teaching.example-component'
    peerDependencies:
      react: '*'
      react-dom: '*'
    peerDependenciesMeta:
      react:
        optional: true
      react-dom:
        optional: true
    dependencies:
      core-js: 3.33.1
      react: 17.0.2
      react-dom: 17.0.2(react@17.0.2)
    dev: false

  registry.npmjs.org/@teambit/base-ui.utils.string.affix@1.0.0(react-dom@17.0.2)(react@17.0.2):
    resolution: {integrity: sha512-cuXL6MNfP7XPJtJZUVUCj50JJpzF/+pS0RRlnWE1B/rNB9tKyu+QfdZQ+kmSAGwQMT1ZfTufo50Gow/suzZavw==, registry: https://node-registry.bit.cloud/, tarball: https://registry.npmjs.org/@teambit/base-ui.utils.string.affix/-/base-ui.utils.string.affix-1.0.0.tgz}
    id: registry.npmjs.org/@teambit/base-ui.utils.string.affix/1.0.0
    name: '@teambit/base-ui.utils.string.affix'
    version: 1.0.0
    peerDependencies:
      react: '*'
      react-dom: '*'
    peerDependenciesMeta:
      react:
        optional: true
      react-dom:
        optional: true
    dependencies:
      core-js: 3.33.1
      react: 17.0.2
      react-dom: 17.0.2(react@17.0.2)
    dev: false
